
Microsoft Visual Studio Solution File, Format Version 12.00
# Visual Studio 15
VisualStudioVersion = 15.0.27130.2027
MinimumVisualStudioVersion = 10.0.40219.1
Project("{FAE04EC0-301F-11D3-BF4B-00C04F79EFBC}") = "WerewolfBot", "WerewolfBot\WerewolfBot.csproj", "{7B727E9D-D158-4A87-AA90-DEF744A37724}"
EndProject
Global
	GlobalSection(SolutionConfigurationPlatforms) = preSolution
		Debug|Any CPU = Debug|Any CPU
		Release|Any CPU = Release|Any CPU
	EndGlobalSection
	GlobalSection(ProjectConfigurationPlatforms) = postSolution
		{7B727E9D-D158-4A87-AA90-DEF744A37724}.Debug|Any CPU.ActiveCfg = Debug|Any CPU
		{7B727E9D-D158-4A87-AA90-DEF744A37724}.Debug|Any CPU.Build.0 = Debug|Any CPU
		{7B727E9D-D158-4A87-AA90-DEF744A37724}.Release|Any CPU.ActiveCfg = Release|Any CPU
		{7B727E9D-D158-4A87-AA90-DEF744A37724}.Release|Any CPU.Build.0 = Release|Any CPU
	EndGlobalSection
	GlobalSection(SolutionProperties) = preSolution
		HideSolutionNode = FALSE
	EndGlobalSection
	GlobalSection(ExtensibilityGlobals) = postSolution
		SolutionGuid = {80D7B3AB-3142-4A81-A11B-556472A3F0F1}
	EndGlobalSection
EndGlobal
